
Microsoft Visual Studio Solution File, Format Version 12.00
# Visual Studio Version 17
VisualStudioVersion = 17.7.34202.233
MinimumVisualStudioVersion = 10.0.40219.1
Project("{FAE04EC0-301F-11D3-BF4B-00C04F79EFBC}") = "Task1", "Task1\Task1.csproj", "{8B8A2CF6-22E5-4425-8FD2-F8B1DD72A2FD}"
EndProject
Project("{FAE04EC0-301F-11D3-BF4B-00C04F79EFBC}") = "Task2", "Task2\Task2.csproj", "{EBA2660D-3A2C-425D-A201-16795FC44BA3}"
EndProject
Project("{FAE04EC0-301F-11D3-BF4B-00C04F79EFBC}") = "Task3", "Task3\Task3.csproj", "{BFC6FFA8-172F-42CE-9D94-C3825E351AEA}"
EndProject
Project("{FAE04EC0-301F-11D3-BF4B-00C04F79EFBC}") = "Task4", "Task4\Task4.csproj", "{043ACA39-0306-41E6-9E04-E034068B22D4}"
EndProject
Project("{FAE04EC0-301F-11D3-BF4B-00C04F79EFBC}") = "Task5", "Task5\Task5.csproj", "{2C015516-F90F-4C09-ACF8-035924CCD666}"
EndProject
Global
	GlobalSection(SolutionConfigurationPlatforms) = preSolution
		Debug|Any CPU = Debug|Any CPU
		Release|Any CPU = Release|Any CPU
	EndGlobalSection
	GlobalSection(ProjectConfigurationPlatforms) = postSolution
		{8B8A2CF6-22E5-4425-8FD2-F8B1DD72A2FD}.Debug|Any CPU.ActiveCfg = Debug|Any CPU
		{8B8A2CF6-22E5-4425-8FD2-F8B1DD72A2FD}.Debug|Any CPU.Build.0 = Debug|Any CPU
		{8B8A2CF6-22E5-4425-8FD2-F8B1DD72A2FD}.Release|Any CPU.ActiveCfg = Release|Any CPU
		{8B8A2CF6-22E5-4425-8FD2-F8B1DD72A2FD}.Release|Any CPU.Build.0 = Release|Any CPU
		{EBA2660D-3A2C-425D-A201-16795FC44BA3}.Debug|Any CPU.ActiveCfg = Debug|Any CPU
		{EBA2660D-3A2C-425D-A201-16795FC44BA3}.Debug|Any CPU.Build.0 = Debug|Any CPU
		{EBA2660D-3A2C-425D-A201-16795FC44BA3}.Release|Any CPU.ActiveCfg = Release|Any CPU
		{EBA2660D-3A2C-425D-A201-16795FC44BA3}.Release|Any CPU.Build.0 = Release|Any CPU
		{BFC6FFA8-172F-42CE-9D94-C3825E351AEA}.Debug|Any CPU.ActiveCfg = Debug|Any CPU
		{BFC6FFA8-172F-42CE-9D94-C3825E351AEA}.Debug|Any CPU.Build.0 = Debug|Any CPU
		{BFC6FFA8-172F-42CE-9D94-C3825E351AEA}.Release|Any CPU.ActiveCfg = Release|Any CPU
		{BFC6FFA8-172F-42CE-9D94-C3825E351AEA}.Release|Any CPU.Build.0 = Release|Any CPU
		{043ACA39-0306-41E6-9E04-E034068B22D4}.Debug|Any CPU.ActiveCfg = Debug|Any CPU
		{043ACA39-0306-41E6-9E04-E034068B22D4}.Debug|Any CPU.Build.0 = Debug|Any CPU
		{043ACA39-0306-41E6-9E04-E034068B22D4}.Release|Any CPU.ActiveCfg = Release|Any CPU
		{043ACA39-0306-41E6-9E04-E034068B22D4}.Release|Any CPU.Build.0 = Release|Any CPU
		{2C015516-F90F-4C09-ACF8-035924CCD666}.Debug|Any CPU.ActiveCfg = Debug|Any CPU
		{2C015516-F90F-4C09-ACF8-035924CCD666}.Debug|Any CPU.Build.0 = Debug|Any CPU
		{2C015516-F90F-4C09-ACF8-035924CCD666}.Release|Any CPU.ActiveCfg = Release|Any CPU
		{2C015516-F90F-4C09-ACF8-035924CCD666}.Release|Any CPU.Build.0 = Release|Any CPU
	EndGlobalSection
	GlobalSection(SolutionProperties) = preSolution
		HideSolutionNode = FALSE
	EndGlobalSection
	GlobalSection(ExtensibilityGlobals) = postSolution
		SolutionGuid = {6BDDC293-9520-408C-A645-CB83C03B76D7}
	EndGlobalSection
EndGlobal
